// !$*UTF8*$!
{
	archiveVersion = 1;
	classes = {
	};
	objectVersion = 46;
	objects = {

/* Begin PBXBuildFile section */
		44EC27481A2667FF00828BB8 /* AppDelegate.swift in Sources */ = {isa = PBXBuildFile; fileRef = 44EC27471A2667FF00828BB8 /* AppDelegate.swift */; };
		44EC274A1A2667FF00828BB8 /* ViewController.swift in Sources */ = {isa = PBXBuildFile; fileRef = 44EC27491A2667FF00828BB8 /* ViewController.swift */; };
		44EC274D1A26680000828BB8 /* Main.storyboard in Resources */ = {isa = PBXBuildFile; fileRef = 44EC274B1A26680000828BB8 /* Main.storyboard */; };
		44EC274F1A26680000828BB8 /* Images.xcassets in Resources */ = {isa = PBXBuildFile; fileRef = 44EC274E1A26680000828BB8 /* Images.xcassets */; };
		44EC27521A26680000828BB8 /* LaunchScreen.xib in Resources */ = {isa = PBXBuildFile; fileRef = 44EC27501A26680000828BB8 /* LaunchScreen.xib */; };
		44EC275E1A26680000828BB8 /* TableViewDemoTests.swift in Sources */ = {isa = PBXBuildFile; fileRef = 44EC275D1A26680000828BB8 /* TableViewDemoTests.swift */; };
/* End PBXBuildFile section */

/* Begin PBXContainerItemProxy section */
		44EC27581A26680000828BB8 /* PBXContainerItemProxy */ = {
			isa = PBXContainerItemProxy;
			containerPortal = 44EC273A1A2667FF00828BB8 /* Project object */;
			proxyType = 1;
			remoteGlobalIDString = 44EC27411A2667FF00828BB8;
			remoteInfo = TableViewDemo;
		};
/* End PBXContainerItemProxy section */

/* Begin PBXFileReference section */
		44EC27421A2667FF00828BB8 /* TableViewDemo.app */ = {isa = PBXFileReference; explicitFileType = wrapper.application; includeInIndex = 0; path = TableViewDemo.app; sourceTree = BUILT_PRODUCTS_DIR; };
		44EC27461A2667FF00828BB8 /* Info.plist */ = {isa = PBXFileReference; lastKnownFileType = text.plist.xml; path = Info.plist; sourceTree = "<group>"; };
		44EC27471A2667FF00828BB8 /* AppDelegate.swift */ = {isa = PBXFileReference; lastKnownFileType = sourcecode.swift; path = AppDelegate.swift; sourceTree = "<group>"; };
		44EC27491A2667FF00828BB8 /* ViewController.swift */ = {isa = PBXFileReference; lastKnownFileType = sourcecode.swift; path = ViewController.swift; sourceTree = "<group>"; };
		44EC274C1A26680000828BB8 /* Base */ = {isa = PBXFileReference; lastKnownFileType = file.storyboard; name = Base; path = Base.lproj/Main.storyboard; sourceTree = "<group>"; };
		44EC274E1A26680000828BB8 /* Images.xcassets */ = {isa = PBXFileReference; lastKnownFileType = folder.assetcatalog; path = Images.xcassets; sourceTree = "<group>"; };
		44EC27511A26680000828BB8 /* Base */ = {isa = PBXFileReference; lastKnownFileType = file.xib; name = Base; path = Base.lproj/LaunchScreen.xib; sourceTree = "<group>"; };
		44EC27571A26680000828BB8 /* TableViewDemoTests.xctest */ = {isa = PBXFileReference; explicitFileType = wrapper.cfbundle; includeInIndex = 0; path = TableViewDemoTests.xctest; sourceTree = BUILT_PRODUCTS_DIR; };
		44EC275C1A26680000828BB8 /* Info.plist */ = {isa = PBXFileReference; lastKnownFileType = text.plist.xml; path = Info.plist; sourceTree = "<group>"; };
		44EC275D1A26680000828BB8 /* TableViewDemoTests.swift */ = {isa = PBXFileReference; lastKnownFileType = sourcecode.swift; path = TableViewDemoTests.swift; sourceTree = "<group>"; };
/* End PBXFileReference section */

/* Begin PBXFrameworksBuildPhase section */
		44EC273F1A2667FF00828BB8 /* Frameworks */ = {
			isa = PBXFrameworksBuildPhase;
			buildActionMask = 2147483647;
			files = (
			);
			runOnlyForDeploymentPostprocessing = 0;
		};
		44EC27541A26680000828BB8 /* Frameworks */ = {
			isa = PBXFrameworksBuildPhase;
			buildActionMask = 2147483647;
			files = (
			);
			runOnlyForDeploymentPostprocessing = 0;
		};
/* End PBXFrameworksBuildPhase section */

/* Begin PBXGroup section */
		44EC27391A2667FF00828BB8 = {
			isa = PBXGroup;
			children = (
				44EC27441A2667FF00828BB8 /* TableViewDemo */,
				44EC275A1A26680000828BB8 /* TableViewDemoTests */,
				44EC27431A2667FF00828BB8 /* Products */,
			);
			sourceTree = "<group>";
		};
		44EC27431A2667FF00828BB8 /* Products */ = {
			isa = PBXGroup;
			children = (
				44EC27421A2667FF00828BB8 /* TableViewDemo.app */,
				44EC27571A26680000828BB8 /* TableViewDemoTests.xctest */,
			);
			name = Products;
			sourceTree = "<group>";
		};
		44EC27441A2667FF00828BB8 /* TableViewDemo */ = {
			isa = PBXGroup;
			children = (
				44EC27471A2667FF00828BB8 /* AppDelegate.swift */,
				44EC27491A2667FF00828BB8 /* ViewController.swift */,
				44EC274B1A26680000828BB8 /* Main.storyboard */,
				44EC274E1A26680000828BB8 /* Images.xcassets */,
				44EC27501A26680000828BB8 /* LaunchScreen.xib */,
				44EC27451A2667FF00828BB8 /* Supporting Files */,
			);
			path = TableViewDemo;
			sourceTree = "<group>";
		};
		44EC27451A2667FF00828BB8 /* Supporting Files */ = {
			isa = PBXGroup;
			children = (
				44EC27461A2667FF00828BB8 /* Info.plist */,
			);
			name = "Supporting Files";
			sourceTree = "<group>";
		};
		44EC275A1A26680000828BB8 /* TableViewDemoTests */ = {
			isa = PBXGroup;
			children = (
				44EC275D1A26680000828BB8 /* TableViewDemoTests.swift */,
				44EC275B1A26680000828BB8 /* Supporting Files */,
			);
			path = TableViewDemoTests;
			sourceTree = "<group>";
		};
		44EC275B1A26680000828BB8 /* Supporting Files */ = {
			isa = PBXGroup;
			children = (
				44EC275C1A26680000828BB8 /* Info.plist */,
			);
			name = "Supporting Files";
			sourceTree = "<group>";
		};
/* End PBXGroup section */

/* Begin PBXNativeTarget section */
		44EC27411A2667FF00828BB8 /* TableViewDemo */ = {
			isa = PBXNativeTarget;
			buildConfigurationList = 44EC27611A26680000828BB8 /* Build configuration list for PBXNativeTarget "TableViewDemo" */;
			buildPhases = (
				44EC273E1A2667FF00828BB8 /* Sources */,
				44EC273F1A2667FF00828BB8 /* Frameworks */,
				44EC27401A2667FF00828BB8 /* Resources */,
			);
			buildRules = (
			);
			dependencies = (
			);
			name = TableViewDemo;
			productName = TableViewDemo;
			productReference = 44EC27421A2667FF00828BB8 /* TableViewDemo.app */;
			productType = "com.apple.product-type.application";
		};
		44EC27561A26680000828BB8 /* TableViewDemoTests */ = {
			isa = PBXNativeTarget;
			buildConfigurationList = 44EC27641A26680000828BB8 /* Build configuration list for PBXNativeTarget "TableViewDemoTests" */;
			buildPhases = (
				44EC27531A26680000828BB8 /* Sources */,
				44EC27541A26680000828BB8 /* Frameworks */,
				44EC27551A26680000828BB8 /* Resources */,
			);
			buildRules = (
			);
			dependencies = (
				44EC27591A26680000828BB8 /* PBXTargetDependency */,
			);
			name = TableViewDemoTests;
			productName = TableViewDemoTests;
			productReference = 44EC27571A26680000828BB8 /* TableViewDemoTests.xctest */;
			productType = "com.apple.product-type.bundle.unit-test";
		};
/* End PBXNativeTarget section */

/* Begin PBXProject section */
		44EC273A1A2667FF00828BB8 /* Project object */ = {
			isa = PBXProject;
			attributes = {
				LastUpgradeCheck = 0610;
				ORGANIZATIONNAME = "Rich H";
				TargetAttributes = {
					44EC27411A2667FF00828BB8 = {
						CreatedOnToolsVersion = 6.1;
					};
					44EC27561A26680000828BB8 = {
						CreatedOnToolsVersion = 6.1;
						TestTargetID = 44EC27411A2667FF00828BB8;
					};
				};
			};
			buildConfigurationList = 44EC273D1A2667FF00828BB8 /* Build configuration list for PBXProject "TableViewDemo" */;
			compatibilityVersion = "Xcode 3.2";
			developmentRegion = English;
			hasScannedForEncodings = 0;
			knownRegions = (
				en,
				Base,
			);
			mainGroup = 44EC27391A2667FF00828BB8;
			productRefGroup = 44EC27431A2667FF00828BB8 /* Products */;
			projectDirPath = "";
			projectRoot = "";
			targets = (
				44EC27411A2667FF00828BB8 /* TableViewDemo */,
				44EC27561A26680000828BB8 /* TableViewDemoTests */,
			);
		};
/* End PBXProject section */

/* Begin PBXResourcesBuildPhase section */
		44EC27401A2667FF00828BB8 /* Resources */ = {
			isa = PBXResourcesBuildPhase;
			buildActionMask = 2147483647;
			files = (
				44EC274D1A26680000828BB8 /* Main.storyboard in Resources */,
				44EC27521A26680000828BB8 /* LaunchScreen.xib in Resources */,
				44EC274F1A26680000828BB8 /* Images.xcassets in Resources */,
			);
			runOnlyForDeploymentPostprocessing = 0;
		};
		44EC27551A26680000828BB8 /* Resources */ = {
			isa = PBXResourcesBuildPhase;
			buildActionMask = 2147483647;
			files = (
			);
			runOnlyForDeploymentPostprocessing = 0;
		};
/* End PBXResourcesBuildPhase section */

/* Begin PBXSourcesBuildPhase section */
		44EC273E1A2667FF00828BB8 /* Sources */ = {
			isa = PBXSourcesBuildPhase;
			buildActionMask = 2147483647;
			files = (
				44EC274A1A2667FF00828BB8 /* ViewController.swift in Sources */,
				44EC27481A2667FF00828BB8 /* AppDelegate.swift in Sources */,
			);
			runOnlyForDeploymentPostprocessing = 0;
		};
		44EC27531A26680000828BB8 /* Sources */ = {
			isa = PBXSourcesBuildPhase;
			buildActionMask = 2147483647;
			files = (
				44EC275E1A26680000828BB8 /* TableViewDemoTests.swift in Sources */,
			);
			runOnlyForDeploymentPostprocessing = 0;
		};
/* End PBXSourcesBuildPhase section */

/* Begin PBXTargetDependency section */
		44EC27591A26680000828BB8 /* PBXTargetDependency */ = {
			isa = PBXTargetDependency;
			target = 44EC27411A2667FF00828BB8 /* TableViewDemo */;
			targetProxy = 44EC27581A26680000828BB8 /* PBXContainerItemProxy */;
		};
/* End PBXTargetDependency section */

/* Begin PBXVariantGroup section */
		44EC274B1A26680000828BB8 /* Main.storyboard */ = {
			isa = PBXVariantGroup;
			children = (
				44EC274C1A26680000828BB8 /* Base */,
			);
			name = Main.storyboard;
			sourceTree = "<group>";
		};
		44EC27501A26680000828BB8 /* LaunchScreen.xib */ = {
			isa = PBXVariantGroup;
			children = (
				44EC27511A26680000828BB8 /* Base */,
			);
			name = LaunchScreen.xib;
			sourceTree = "<group>";
		};
/* End PBXVariantGroup section */

/* Begin XCBuildConfiguration section */
		44EC275F1A26680000828BB8 /* Debug */ = {
			isa = XCBuildConfiguration;
			buildSettings = {
				ALWAYS_SEARCH_USER_PATHS = NO;
				CLANG_CXX_LANGUAGE_STANDARD = "gnu++0x";
				CLANG_CXX_LIBRARY = "libc++";
				CLANG_ENABLE_MODULES = YES;
				CLANG_ENABLE_OBJC_ARC = YES;
				CLANG_WARN_BOOL_CONVERSION = YES;
				CLANG_WARN_CONSTANT_CONVERSION = YES;
				CLANG_WARN_DIRECT_OBJC_ISA_USAGE = YES_ERROR;
				CLANG_WARN_EMPTY_BODY = YES;
				CLANG_WARN_ENUM_CONVERSION = YES;
				CLANG_WARN_INT_CONVERSION = YES;
				CLANG_WARN_OBJC_ROOT_CLASS = YES_ERROR;
				CLANG_WARN_UNREACHABLE_CODE = YES;
				CLANG_WARN__DUPLICATE_METHOD_MATCH = YES;
				"CODE_SIGN_IDENTITY[sdk=iphoneos*]" = "iPhone Developer";
				COPY_PHASE_STRIP = NO;
				ENABLE_STRICT_OBJC_MSGSEND = YES;
				GCC_C_LANGUAGE_STANDARD = gnu99;
				GCC_DYNAMIC_NO_PIC = NO;
				GCC_OPTIMIZATION_LEVEL = 0;
				GCC_PREPROCESSOR_DEFINITIONS = (
					"DEBUG=1",
					"$(inherited)",
				);
				GCC_SYMBOLS_PRIVATE_EXTERN = NO;
				GCC_WARN_64_TO_32_BIT_CONVERSION = YES;
				GCC_WARN_ABOUT_RETURN_TYPE = YES_ERROR;
				GCC_WARN_UNDECLARED_SELECTOR = YES;
				GCC_WARN_UNINITIALIZED_AUTOS = YES_AGGRESSIVE;
				GCC_WARN_UNUSED_FUNCTION = YES;
				GCC_WARN_UNUSED_VARIABLE = YES;
				IPHONEOS_DEPLOYMENT_TARGET = 8.1;
				MTL_ENABLE_DEBUG_INFO = YES;
				ONLY_ACTIVE_ARCH = YES;
				SDKROOT = iphoneos;
				SWIFT_OPTIMIZATION_LEVEL = "-Onone";
			};
			name = Debug;
		};
		44EC27601A26680000828BB8 /* Release */ = {
			isa = XCBuildConfiguration;
			buildSettings = {
				ALWAYS_SEARCH_USER_PATHS = NO;
				CLANG_CXX_LANGUAGE_STANDARD = "gnu++0x";
				CLANG_CXX_LIBRARY = "libc++";
				CLANG_ENABLE_MODULES = YES;
				CLANG_ENABLE_OBJC_ARC = YES;
				CLANG_WARN_BOOL_CONVERSION = YES;
				CLANG_WARN_CONSTANT_CONVERSION = YES;
				CLANG_WARN_DIRECT_OBJC_ISA_USAGE = YES_ERROR;
				CLANG_WARN_EMPTY_BODY = YES;
				CLANG_WARN_ENUM_CONVERSION = YES;
				CLANG_WARN_INT_CONVERSION = YES;
				CLANG_WARN_OBJC_ROOT_CLASS = YES_ERROR;
				CLANG_WARN_UNREACHABLE_CODE = YES;
				CLANG_WARN__DUPLICATE_METHOD_MATCH = YES;
				"CODE_SIGN_IDENTITY[sdk=iphoneos*]" = "iPhone Developer";
				COPY_PHASE_STRIP = YES;
				ENABLE_NS_ASSERTIONS = NO;
				ENABLE_STRICT_OBJC_MSGSEND = YES;
				GCC_C_LANGUAGE_STANDARD = gnu99;
				GCC_WARN_64_TO_32_BIT_CONVERSION = YES;
				GCC_WARN_ABOUT_RETURN_TYPE = YES_ERROR;
				GCC_WARN_UNDECLARED_SELECTOR = YES;
				GCC_WARN_UNINITIALIZED_AUTOS = YES_AGGRESSIVE;
				GCC_WARN_UNUSED_FUNCTION = YES;
				GCC_WARN_UNUSED_VARIABLE = YES;
				IPHONEOS_DEPLOYMENT_TARGET = 8.1;
				MTL_ENABLE_DEBUG_INFO = NO;
				SDKROOT = iphoneos;
				VALIDATE_PRODUCT = YES;
			};
			name = Release;
		};
		44EC27621A26680000828BB8 /* Debug */ = {
			isa = XCBuildConfiguration;
			buildSettings = {
				ASSETCATALOG_COMPILER_APPICON_NAME = AppIcon;
				INFOPLIST_FILE = TableViewDemo/Info.plist;
				LD_RUNPATH_SEARCH_PATHS = "$(inherited) @executable_path/Frameworks";
				PRODUCT_NAME = "$(TARGET_NAME)";
			};
			name = Debug;
		};
		44EC27631A26680000828BB8 /* Release */ = {
			isa = XCBuildConfiguration;
			buildSettings = {
				ASSETCATALOG_COMPILER_APPICON_NAME = AppIcon;
				INFOPLIST_FILE = TableViewDemo/Info.plist;
				LD_RUNPATH_SEARCH_PATHS = "$(inherited) @executable_path/Frameworks";
				PRODUCT_NAME = "$(TARGET_NAME)";
			};
			name = Release;
		};
		44EC27651A26680000828BB8 /* Debug */ = {
			isa = XCBuildConfiguration;
			buildSettings = {
				BUNDLE_LOADER = "$(TEST_HOST)";
				FRAMEWORK_SEARCH_PATHS = (
					"$(SDKROOT)/Developer/Library/Frameworks",
					"$(inherited)",
				);
				GCC_PREPROCESSOR_DEFINITIONS = (
					"DEBUG=1",
					"$(inherited)",
				);
				INFOPLIST_FILE = TableViewDemoTests/Info.plist;
				LD_RUNPATH_SEARCH_PATHS = "$(inherited) @executable_path/Frameworks @loader_path/Frameworks";
				PRODUCT_NAME = "$(TARGET_NAME)";
				TEST_HOST = "$(BUILT_PRODUCTS_DIR)/TableViewDemo.app/TableViewDemo";
			};
			name = Debug;
		};
		44EC27661A26680000828BB8 /* Release */ = {
			isa = XCBuildConfiguration;
			buildSettings = {
				BUNDLE_LOADER = "$(TEST_HOST)";
				FRAMEWORK_SEARCH_PATHS = (
					"$(SDKROOT)/Developer/Library/Frameworks",
					"$(inherited)",
				);
				INFOPLIST_FILE = TableViewDemoTests/Info.plist;
				LD_RUNPATH_SEARCH_PATHS = "$(inherited) @executable_path/Frameworks @loader_path/Frameworks";
				PRODUCT_NAME = "$(TARGET_NAME)";
				TEST_HOST = "$(BUILT_PRODUCTS_DIR)/TableViewDemo.app/TableViewDemo";
			};
			name = Release;
		};
/* End XCBuildConfiguration section */

/* Begin XCConfigurationList section */
		44EC273D1A2667FF00828BB8 /* Build configuration list for PBXProject "TableViewDemo" */ = {
			isa = XCConfigurationList;
			buildConfigurations = (
				44EC275F1A26680000828BB8 /* Debug */,
				44EC27601A26680000828BB8 /* Release */,
			);
			defaultConfigurationIsVisible = 0;
			defaultConfigurationName = Release;
		};
		44EC27611A26680000828BB8 /* Build configuration list for PBXNativeTarget "TableViewDemo" */ = {
			isa = XCConfigurationList;
			buildConfigurations = (
				44EC27621A26680000828BB8 /* Debug */,
				44EC27631A26680000828BB8 /* Release */,
			);
			defaultConfigurationIsVisible = 0;
			defaultConfigurationName = Release;
		};
		44EC27641A26680000828BB8 /* Build configuration list for PBXNativeTarget "TableViewDemoTests" */ = {
			isa = XCConfigurationList;
			buildConfigurations = (
				44EC27651A26680000828BB8 /* Debug */,
				44EC27661A26680000828BB8 /* Release */,
			);
			defaultConfigurationIsVisible = 0;
			defaultConfigurationName = Release;
		};
/* End XCConfigurationList section */
	};
	rootObject = 44EC273A1A2667FF00828BB8 /* Project object */;
}
